// !$*UTF8*$!
{
	archiveVersion = 1;
	classes = {
	};
	objectVersion = 50;
	objects = {

/* Begin PBXBuildFile section */
		3B556D1324A2605B007C37DB /* SplitLineView.swift in Sources */ = {isa = PBXBuildFile; fileRef = 3B556D1224A2605B007C37DB /* SplitLineView.swift */; };
		3B556D1524A28213007C37DB /* AllCasesListView.swift in Sources */ = {isa = PBXBuildFile; fileRef = 3B556D1424A28213007C37DB /* AllCasesListView.swift */; };
		3B556D1824A290AC007C37DB /* ImageLoader.swift in Sources */ = {isa = PBXBuildFile; fileRef = 3B556D1724A290AC007C37DB /* ImageLoader.swift */; };
		3B556D1A24A290E3007C37DB /* AsyncImageView.swift in Sources */ = {isa = PBXBuildFile; fileRef = 3B556D1924A290E3007C37DB /* AsyncImageView.swift */; };
		3B556D1C24A36928007C37DB /* LoadingSpinnerView.swift in Sources */ = {isa = PBXBuildFile; fileRef = 3B556D1B24A36928007C37DB /* LoadingSpinnerView.swift */; };
		3B579E3D24A2585700BB0556 /* AllCasesHeaderView.swift in Sources */ = {isa = PBXBuildFile; fileRef = 3B579E3C24A2585700BB0556 /* AllCasesHeaderView.swift */; };
		3BDA377D249CD81500398604 /* AppDelegate.swift in Sources */ = {isa = PBXBuildFile; fileRef = 3BDA377C249CD81500398604 /* AppDelegate.swift */; };
		3BDA377F249CD81500398604 /* SceneDelegate.swift in Sources */ = {isa = PBXBuildFile; fileRef = 3BDA377E249CD81500398604 /* SceneDelegate.swift */; };
		3BDA3781249CD81500398604 /* AllCasesMainView.swift in Sources */ = {isa = PBXBuildFile; fileRef = 3BDA3780249CD81500398604 /* AllCasesMainView.swift */; };
		3BDA3783249CD81700398604 /* Assets.xcassets in Resources */ = {isa = PBXBuildFile; fileRef = 3BDA3782249CD81700398604 /* Assets.xcassets */; };
		3BDA3786249CD81700398604 /* Preview Assets.xcassets in Resources */ = {isa = PBXBuildFile; fileRef = 3BDA3785249CD81700398604 /* Preview Assets.xcassets */; };
		3BDA3789249CD81700398604 /* LaunchScreen.storyboard in Resources */ = {isa = PBXBuildFile; fileRef = 3BDA3787249CD81700398604 /* LaunchScreen.storyboard */; };
		3BDA3794249CD81700398604 /* TabChallengeSwiftUITests.swift in Sources */ = {isa = PBXBuildFile; fileRef = 3BDA3793249CD81700398604 /* TabChallengeSwiftUITests.swift */; };
		3BDA379F249CD81700398604 /* TabChallengeSwiftUIUITests.swift in Sources */ = {isa = PBXBuildFile; fileRef = 3BDA379E249CD81700398604 /* TabChallengeSwiftUIUITests.swift */; };
		3BDC37C624AA338400ABD5F1 /* AllCasesViewModel.swift in Sources */ = {isa = PBXBuildFile; fileRef = 3BDC37C524AA338400ABD5F1 /* AllCasesViewModel.swift */; };
		3BDC37C924AA39A400ABD5F1 /* CaseStudiesNetworkModel.swift in Sources */ = {isa = PBXBuildFile; fileRef = 3BDC37C824AA39A400ABD5F1 /* CaseStudiesNetworkModel.swift */; };
		3BDC37CB24AA3C0E00ABD5F1 /* NetworkOperations.swift in Sources */ = {isa = PBXBuildFile; fileRef = 3BDC37CA24AA3C0E00ABD5F1 /* NetworkOperations.swift */; };
/* End PBXBuildFile section */

/* Begin PBXContainerItemProxy section */
		3BDA3790249CD81700398604 /* PBXContainerItemProxy */ = {
			isa = PBXContainerItemProxy;
			containerPortal = 3BDA3771249CD81500398604 /* Project object */;
			proxyType = 1;
			remoteGlobalIDString = 3BDA3778249CD81500398604;
			remoteInfo = TabChallengeSwiftUI;
		};
		3BDA379B249CD81700398604 /* PBXContainerItemProxy */ = {
			isa = PBXContainerItemProxy;
			containerPortal = 3BDA3771249CD81500398604 /* Project object */;
			proxyType = 1;
			remoteGlobalIDString = 3BDA3778249CD81500398604;
			remoteInfo = TabChallengeSwiftUI;
		};
/* End PBXContainerItemProxy section */

/* Begin PBXFileReference section */
		3B556D1224A2605B007C37DB /* SplitLineView.swift */ = {isa = PBXFileReference; lastKnownFileType = sourcecode.swift; path = SplitLineView.swift; sourceTree = "<group>"; };
		3B556D1424A28213007C37DB /* AllCasesListView.swift */ = {isa = PBXFileReference; lastKnownFileType = sourcecode.swift; path = AllCasesListView.swift; sourceTree = "<group>"; };
		3B556D1724A290AC007C37DB /* ImageLoader.swift */ = {isa = PBXFileReference; lastKnownFileType = sourcecode.swift; path = ImageLoader.swift; sourceTree = "<group>"; };
		3B556D1924A290E3007C37DB /* AsyncImageView.swift */ = {isa = PBXFileReference; lastKnownFileType = sourcecode.swift; path = AsyncImageView.swift; sourceTree = "<group>"; };
		3B556D1B24A36928007C37DB /* LoadingSpinnerView.swift */ = {isa = PBXFileReference; lastKnownFileType = sourcecode.swift; path = LoadingSpinnerView.swift; sourceTree = "<group>"; };
		3B579E3C24A2585700BB0556 /* AllCasesHeaderView.swift */ = {isa = PBXFileReference; lastKnownFileType = sourcecode.swift; path = AllCasesHeaderView.swift; sourceTree = "<group>"; };
		3BDA3779249CD81500398604 /* TabChallengeSwiftUI.app */ = {isa = PBXFileReference; explicitFileType = wrapper.application; includeInIndex = 0; path = TabChallengeSwiftUI.app; sourceTree = BUILT_PRODUCTS_DIR; };
		3BDA377C249CD81500398604 /* AppDelegate.swift */ = {isa = PBXFileReference; lastKnownFileType = sourcecode.swift; path = AppDelegate.swift; sourceTree = "<group>"; };
		3BDA377E249CD81500398604 /* SceneDelegate.swift */ = {isa = PBXFileReference; lastKnownFileType = sourcecode.swift; path = SceneDelegate.swift; sourceTree = "<group>"; };
		3BDA3780249CD81500398604 /* AllCasesMainView.swift */ = {isa = PBXFileReference; lastKnownFileType = sourcecode.swift; path = AllCasesMainView.swift; sourceTree = "<group>"; };
		3BDA3782249CD81700398604 /* Assets.xcassets */ = {isa = PBXFileReference; lastKnownFileType = folder.assetcatalog; path = Assets.xcassets; sourceTree = "<group>"; };
		3BDA3785249CD81700398604 /* Preview Assets.xcassets */ = {isa = PBXFileReference; lastKnownFileType = folder.assetcatalog; path = "Preview Assets.xcassets"; sourceTree = "<group>"; };
		3BDA3788249CD81700398604 /* Base */ = {isa = PBXFileReference; lastKnownFileType = file.storyboard; name = Base; path = Base.lproj/LaunchScreen.storyboard; sourceTree = "<group>"; };
		3BDA378A249CD81700398604 /* Info.plist */ = {isa = PBXFileReference; lastKnownFileType = text.plist.xml; path = Info.plist; sourceTree = "<group>"; };
		3BDA378F249CD81700398604 /* TabChallengeSwiftUITests.xctest */ = {isa = PBXFileReference; explicitFileType = wrapper.cfbundle; includeInIndex = 0; path = TabChallengeSwiftUITests.xctest; sourceTree = BUILT_PRODUCTS_DIR; };
		3BDA3793249CD81700398604 /* TabChallengeSwiftUITests.swift */ = {isa = PBXFileReference; lastKnownFileType = sourcecode.swift; path = TabChallengeSwiftUITests.swift; sourceTree = "<group>"; };
		3BDA3795249CD81700398604 /* Info.plist */ = {isa = PBXFileReference; lastKnownFileType = text.plist.xml; path = Info.plist; sourceTree = "<group>"; };
		3BDA379A249CD81700398604 /* TabChallengeSwiftUIUITests.xctest */ = {isa = PBXFileReference; explicitFileType = wrapper.cfbundle; includeInIndex = 0; path = TabChallengeSwiftUIUITests.xctest; sourceTree = BUILT_PRODUCTS_DIR; };
		3BDA379E249CD81700398604 /* TabChallengeSwiftUIUITests.swift */ = {isa = PBXFileReference; lastKnownFileType = sourcecode.swift; path = TabChallengeSwiftUIUITests.swift; sourceTree = "<group>"; };
		3BDA37A0249CD81700398604 /* Info.plist */ = {isa = PBXFileReference; lastKnownFileType = text.plist.xml; path = Info.plist; sourceTree = "<group>"; };
		3BDC37C524AA338400ABD5F1 /* AllCasesViewModel.swift */ = {isa = PBXFileReference; lastKnownFileType = sourcecode.swift; path = AllCasesViewModel.swift; sourceTree = "<group>"; };
		3BDC37C824AA39A400ABD5F1 /* CaseStudiesNetworkModel.swift */ = {isa = PBXFileReference; lastKnownFileType = sourcecode.swift; path = CaseStudiesNetworkModel.swift; sourceTree = "<group>"; };
		3BDC37CA24AA3C0E00ABD5F1 /* NetworkOperations.swift */ = {isa = PBXFileReference; lastKnownFileType = sourcecode.swift; path = NetworkOperations.swift; sourceTree = "<group>"; };
/* End PBXFileReference section */

/* Begin PBXFrameworksBuildPhase section */
		3BDA3776249CD81500398604 /* Frameworks */ = {
			isa = PBXFrameworksBuildPhase;
			buildActionMask = 2147483647;
			files = (
			);
			runOnlyForDeploymentPostprocessing = 0;
		};
		3BDA378C249CD81700398604 /* Frameworks */ = {
			isa = PBXFrameworksBuildPhase;
			buildActionMask = 2147483647;
			files = (
			);
			runOnlyForDeploymentPostprocessing = 0;
		};
		3BDA3797249CD81700398604 /* Frameworks */ = {
			isa = PBXFrameworksBuildPhase;
			buildActionMask = 2147483647;
			files = (
			);
			runOnlyForDeploymentPostprocessing = 0;
		};
/* End PBXFrameworksBuildPhase section */

/* Begin PBXGroup section */
		3B556D1624A2908C007C37DB /* Image Loader */ = {
			isa = PBXGroup;
			children = (
				3B556D1724A290AC007C37DB /* ImageLoader.swift */,
				3B556D1924A290E3007C37DB /* AsyncImageView.swift */,
				3B556D1B24A36928007C37DB /* LoadingSpinnerView.swift */,
			);
			path = "Image Loader";
			sourceTree = "<group>";
		};
		3B579E3A24A2580000BB0556 /* All Cases */ = {
			isa = PBXGroup;
			children = (
				3BDC37C724AA398100ABD5F1 /* Network Layer */,
				3B556D1624A2908C007C37DB /* Image Loader */,
				3B579E3E24A25B2600BB0556 /* Views */,
				3BDC37C524AA338400ABD5F1 /* AllCasesViewModel.swift */,
			);
			path = "All Cases";
			sourceTree = "<group>";
		};
		3B579E3E24A25B2600BB0556 /* Views */ = {
			isa = PBXGroup;
			children = (
				3BDA3780249CD81500398604 /* AllCasesMainView.swift */,
				3B579E3C24A2585700BB0556 /* AllCasesHeaderView.swift */,
				3B556D1224A2605B007C37DB /* SplitLineView.swift */,
				3B556D1424A28213007C37DB /* AllCasesListView.swift */,
			);
			path = Views;
			sourceTree = "<group>";
		};
		3BDA3770249CD81500398604 = {
			isa = PBXGroup;
			children = (
				3BDA377B249CD81500398604 /* TabChallengeSwiftUI */,
				3BDA3792249CD81700398604 /* TabChallengeSwiftUITests */,
				3BDA379D249CD81700398604 /* TabChallengeSwiftUIUITests */,
				3BDA377A249CD81500398604 /* Products */,
			);
			sourceTree = "<group>";
		};
		3BDA377A249CD81500398604 /* Products */ = {
			isa = PBXGroup;
			children = (
				3BDA3779249CD81500398604 /* TabChallengeSwiftUI.app */,
				3BDA378F249CD81700398604 /* TabChallengeSwiftUITests.xctest */,
				3BDA379A249CD81700398604 /* TabChallengeSwiftUIUITests.xctest */,
			);
			name = Products;
			sourceTree = "<group>";
		};
		3BDA377B249CD81500398604 /* TabChallengeSwiftUI */ = {
			isa = PBXGroup;
			children = (
				3BDC37CC24AB513400ABD5F1 /* SupportingFiles */,
				3B579E3A24A2580000BB0556 /* All Cases */,
				3BDA3784249CD81700398604 /* Preview Content */,
			);
			path = TabChallengeSwiftUI;
			sourceTree = "<group>";
		};
		3BDA3784249CD81700398604 /* Preview Content */ = {
			isa = PBXGroup;
			children = (
				3BDA3785249CD81700398604 /* Preview Assets.xcassets */,
			);
			path = "Preview Content";
			sourceTree = "<group>";
		};
		3BDA3792249CD81700398604 /* TabChallengeSwiftUITests */ = {
			isa = PBXGroup;
			children = (
				3BDA3793249CD81700398604 /* TabChallengeSwiftUITests.swift */,
				3BDA3795249CD81700398604 /* Info.plist */,
			);
			path = TabChallengeSwiftUITests;
			sourceTree = "<group>";
		};
		3BDA379D249CD81700398604 /* TabChallengeSwiftUIUITests */ = {
			isa = PBXGroup;
			children = (
				3BDA379E249CD81700398604 /* TabChallengeSwiftUIUITests.swift */,
				3BDA37A0249CD81700398604 /* Info.plist */,
			);
			path = TabChallengeSwiftUIUITests;
			sourceTree = "<group>";
		};
		3BDC37C724AA398100ABD5F1 /* Network Layer */ = {
			isa = PBXGroup;
			children = (
				3BDC37C824AA39A400ABD5F1 /* CaseStudiesNetworkModel.swift */,
				3BDC37CA24AA3C0E00ABD5F1 /* NetworkOperations.swift */,
			);
			path = "Network Layer";
			sourceTree = "<group>";
		};
		3BDC37CC24AB513400ABD5F1 /* SupportingFiles */ = {
			isa = PBXGroup;
			children = (
				3BDA378A249CD81700398604 /* Info.plist */,
				3BDA377C249CD81500398604 /* AppDelegate.swift */,
				3BDA377E249CD81500398604 /* SceneDelegate.swift */,
				3BDA3782249CD81700398604 /* Assets.xcassets */,
				3BDA3787249CD81700398604 /* LaunchScreen.storyboard */,
			);
			name = SupportingFiles;
			sourceTree = "<group>";
		};
/* End PBXGroup section */

/* Begin PBXNativeTarget section */
		3BDA3778249CD81500398604 /* TabChallengeSwiftUI */ = {
			isa = PBXNativeTarget;
			buildConfigurationList = 3BDA37A3249CD81700398604 /* Build configuration list for PBXNativeTarget "TabChallengeSwiftUI" */;
			buildPhases = (
				3BDA3775249CD81500398604 /* Sources */,
				3BDA3776249CD81500398604 /* Frameworks */,
				3BDA3777249CD81500398604 /* Resources */,
			);
			buildRules = (
			);
			dependencies = (
			);
			name = TabChallengeSwiftUI;
			packageProductDependencies = (
			);
			productName = TabChallengeSwiftUI;
			productReference = 3BDA3779249CD81500398604 /* TabChallengeSwiftUI.app */;
			productType = "com.apple.product-type.application";
		};
		3BDA378E249CD81700398604 /* TabChallengeSwiftUITests */ = {
			isa = PBXNativeTarget;
			buildConfigurationList = 3BDA37A6249CD81700398604 /* Build configuration list for PBXNativeTarget "TabChallengeSwiftUITests" */;
			buildPhases = (
				3BDA378B249CD81700398604 /* Sources */,
				3BDA378C249CD81700398604 /* Frameworks */,
				3BDA378D249CD81700398604 /* Resources */,
			);
			buildRules = (
			);
			dependencies = (
				3BDA3791249CD81700398604 /* PBXTargetDependency */,
			);
			name = TabChallengeSwiftUITests;
			productName = TabChallengeSwiftUITests;
			productReference = 3BDA378F249CD81700398604 /* TabChallengeSwiftUITests.xctest */;
			productType = "com.apple.product-type.bundle.unit-test";
		};
		3BDA3799249CD81700398604 /* TabChallengeSwiftUIUITests */ = {
			isa = PBXNativeTarget;
			buildConfigurationList = 3BDA37A9249CD81700398604 /* Build configuration list for PBXNativeTarget "TabChallengeSwiftUIUITests" */;
			buildPhases = (
				3BDA3796249CD81700398604 /* Sources */,
				3BDA3797249CD81700398604 /* Frameworks */,
				3BDA3798249CD81700398604 /* Resources */,
			);
			buildRules = (
			);
			dependencies = (
				3BDA379C249CD81700398604 /* PBXTargetDependency */,
			);
			name = TabChallengeSwiftUIUITests;
			productName = TabChallengeSwiftUIUITests;
			productReference = 3BDA379A249CD81700398604 /* TabChallengeSwiftUIUITests.xctest */;
			productType = "com.apple.product-type.bundle.ui-testing";
		};
/* End PBXNativeTarget section */

/* Begin PBXProject section */
		3BDA3771249CD81500398604 /* Project object */ = {
			isa = PBXProject;
			attributes = {
				LastSwiftUpdateCheck = 1130;
				LastUpgradeCheck = 1130;
				ORGANIZATIONNAME = "Marcela Auslenter";
				TargetAttributes = {
					3BDA3778249CD81500398604 = {
						CreatedOnToolsVersion = 11.3.1;
					};
					3BDA378E249CD81700398604 = {
						CreatedOnToolsVersion = 11.3.1;
						TestTargetID = 3BDA3778249CD81500398604;
					};
					3BDA3799249CD81700398604 = {
						CreatedOnToolsVersion = 11.3.1;
						TestTargetID = 3BDA3778249CD81500398604;
					};
				};
			};
			buildConfigurationList = 3BDA3774249CD81500398604 /* Build configuration list for PBXProject "TabChallengeSwiftUI" */;
			compatibilityVersion = "Xcode 9.3";
			developmentRegion = en;
			hasScannedForEncodings = 0;
			knownRegions = (
				en,
				Base,
			);
			mainGroup = 3BDA3770249CD81500398604;
			packageReferences = (
			);
			productRefGroup = 3BDA377A249CD81500398604 /* Products */;
			projectDirPath = "";
			projectRoot = "";
			targets = (
				3BDA3778249CD81500398604 /* TabChallengeSwiftUI */,
				3BDA378E249CD81700398604 /* TabChallengeSwiftUITests */,
				3BDA3799249CD81700398604 /* TabChallengeSwiftUIUITests */,
			);
		};
/* End PBXProject section */

/* Begin PBXResourcesBuildPhase section */
		3BDA3777249CD81500398604 /* Resources */ = {
			isa = PBXResourcesBuildPhase;
			buildActionMask = 2147483647;
			files = (
				3BDA3789249CD81700398604 /* LaunchScreen.storyboard in Resources */,
				3BDA3786249CD81700398604 /* Preview Assets.xcassets in Resources */,
				3BDA3783249CD81700398604 /* Assets.xcassets in Resources */,
			);
			runOnlyForDeploymentPostprocessing = 0;
		};
		3BDA378D249CD81700398604 /* Resources */ = {
			isa = PBXResourcesBuildPhase;
			buildActionMask = 2147483647;
			files = (
			);
			runOnlyForDeploymentPostprocessing = 0;
		};
		3BDA3798249CD81700398604 /* Resources */ = {
			isa = PBXResourcesBuildPhase;
			buildActionMask = 2147483647;
			files = (
			);
			runOnlyForDeploymentPostprocessing = 0;
		};
/* End PBXResourcesBuildPhase section */

/* Begin PBXSourcesBuildPhase section */
		3BDA3775249CD81500398604 /* Sources */ = {
			isa = PBXSourcesBuildPhase;
			buildActionMask = 2147483647;
			files = (
				3B556D1824A290AC007C37DB /* ImageLoader.swift in Sources */,
				3BDA377D249CD81500398604 /* AppDelegate.swift in Sources */,
				3BDA377F249CD81500398604 /* SceneDelegate.swift in Sources */,
				3B556D1C24A36928007C37DB /* LoadingSpinnerView.swift in Sources */,
				3BDC37CB24AA3C0E00ABD5F1 /* NetworkOperations.swift in Sources */,
				3BDA3781249CD81500398604 /* AllCasesMainView.swift in Sources */,
				3B556D1A24A290E3007C37DB /* AsyncImageView.swift in Sources */,
				3B579E3D24A2585700BB0556 /* AllCasesHeaderView.swift in Sources */,
				3BDC37C924AA39A400ABD5F1 /* CaseStudiesNetworkModel.swift in Sources */,
				3B556D1524A28213007C37DB /* AllCasesListView.swift in Sources */,
				3BDC37C624AA338400ABD5F1 /* AllCasesViewModel.swift in Sources */,
				3B556D1324A2605B007C37DB /* SplitLineView.swift in Sources */,
			);
			runOnlyForDeploymentPostprocessing = 0;
		};
		3BDA378B249CD81700398604 /* Sources */ = {
			isa = PBXSourcesBuildPhase;
			buildActionMask = 2147483647;
			files = (
				3BDA3794249CD81700398604 /* TabChallengeSwiftUITests.swift in Sources */,
			);
			runOnlyForDeploymentPostprocessing = 0;
		};
		3BDA3796249CD81700398604 /* Sources */ = {
			isa = PBXSourcesBuildPhase;
			buildActionMask = 2147483647;
			files = (
				3BDA379F249CD81700398604 /* TabChallengeSwiftUIUITests.swift in Sources */,
			);
			runOnlyForDeploymentPostprocessing = 0;
		};
/* End PBXSourcesBuildPhase section */

/* Begin PBXTargetDependency section */
		3BDA3791249CD81700398604 /* PBXTargetDependency */ = {
			isa = PBXTargetDependency;
			target = 3BDA3778249CD81500398604 /* TabChallengeSwiftUI */;
			targetProxy = 3BDA3790249CD81700398604 /* PBXContainerItemProxy */;
		};
		3BDA379C249CD81700398604 /* PBXTargetDependency */ = {
			isa = PBXTargetDependency;
			target = 3BDA3778249CD81500398604 /* TabChallengeSwiftUI */;
			targetProxy = 3BDA379B249CD81700398604 /* PBXContainerItemProxy */;
		};
/* End PBXTargetDependency section */

/* Begin PBXVariantGroup section */
		3BDA3787249CD81700398604 /* LaunchScreen.storyboard */ = {
			isa = PBXVariantGroup;
			children = (
				3BDA3788249CD81700398604 /* Base */,
			);
			name = LaunchScreen.storyboard;
			sourceTree = "<group>";
		};
/* End PBXVariantGroup section */

/* Begin XCBuildConfiguration section */
		3BDA37A1249CD81700398604 /* Debug */ = {
			isa = XCBuildConfiguration;
			buildSettings = {
				ALWAYS_SEARCH_USER_PATHS = NO;
				CLANG_ANALYZER_NONNULL = YES;
				CLANG_ANALYZER_NUMBER_OBJECT_CONVERSION = YES_AGGRESSIVE;
				CLANG_CXX_LANGUAGE_STANDARD = "gnu++14";
				CLANG_CXX_LIBRARY = "libc++";
				CLANG_ENABLE_MODULES = YES;
				CLANG_ENABLE_OBJC_ARC = YES;
				CLANG_ENABLE_OBJC_WEAK = YES;
				CLANG_WARN_BLOCK_CAPTURE_AUTORELEASING = YES;
				CLANG_WARN_BOOL_CONVERSION = YES;
				CLANG_WARN_COMMA = YES;
				CLANG_WARN_CONSTANT_CONVERSION = YES;
				CLANG_WARN_DEPRECATED_OBJC_IMPLEMENTATIONS = YES;
				CLANG_WARN_DIRECT_OBJC_ISA_USAGE = YES_ERROR;
				CLANG_WARN_DOCUMENTATION_COMMENTS = YES;
				CLANG_WARN_EMPTY_BODY = YES;
				CLANG_WARN_ENUM_CONVERSION = YES;
				CLANG_WARN_INFINITE_RECURSION = YES;
				CLANG_WARN_INT_CONVERSION = YES;
				CLANG_WARN_NON_LITERAL_NULL_CONVERSION = YES;
				CLANG_WARN_OBJC_IMPLICIT_RETAIN_SELF = YES;
				CLANG_WARN_OBJC_LITERAL_CONVERSION = YES;
				CLANG_WARN_OBJC_ROOT_CLASS = YES_ERROR;
				CLANG_WARN_RANGE_LOOP_ANALYSIS = YES;
				CLANG_WARN_STRICT_PROTOTYPES = YES;
				CLANG_WARN_SUSPICIOUS_MOVE = YES;
				CLANG_WARN_UNGUARDED_AVAILABILITY = YES_AGGRESSIVE;
				CLANG_WARN_UNREACHABLE_CODE = YES;
				CLANG_WARN__DUPLICATE_METHOD_MATCH = YES;
				COPY_PHASE_STRIP = NO;
				DEBUG_INFORMATION_FORMAT = dwarf;
				ENABLE_STRICT_OBJC_MSGSEND = YES;
				ENABLE_TESTABILITY = YES;
				GCC_C_LANGUAGE_STANDARD = gnu11;
				GCC_DYNAMIC_NO_PIC = NO;
				GCC_NO_COMMON_BLOCKS = YES;
				GCC_OPTIMIZATION_LEVEL = 0;
				GCC_PREPROCESSOR_DEFINITIONS = (
					"DEBUG=1",
					"$(inherited)",
				);
				GCC_WARN_64_TO_32_BIT_CONVERSION = YES;
				GCC_WARN_ABOUT_RETURN_TYPE = YES_ERROR;
				GCC_WARN_UNDECLARED_SELECTOR = YES;
				GCC_WARN_UNINITIALIZED_AUTOS = YES_AGGRESSIVE;
				GCC_WARN_UNUSED_FUNCTION = YES;
				GCC_WARN_UNUSED_VARIABLE = YES;
				IPHONEOS_DEPLOYMENT_TARGET = 13.2;
				MTL_ENABLE_DEBUG_INFO = INCLUDE_SOURCE;
				MTL_FAST_MATH = YES;
				ONLY_ACTIVE_ARCH = YES;
				SDKROOT = iphoneos;
				SWIFT_ACTIVE_COMPILATION_CONDITIONS = DEBUG;
				SWIFT_OPTIMIZATION_LEVEL = "-Onone";
			};
			name = Debug;
		};
		3BDA37A2249CD81700398604 /* Release */ = {
			isa = XCBuildConfiguration;
			buildSettings = {
				ALWAYS_SEARCH_USER_PATHS = NO;
				CLANG_ANALYZER_NONNULL = YES;
				CLANG_ANALYZER_NUMBER_OBJECT_CONVERSION = YES_AGGRESSIVE;
				CLANG_CXX_LANGUAGE_STANDARD = "gnu++14";
				CLANG_CXX_LIBRARY = "libc++";
				CLANG_ENABLE_MODULES = YES;
				CLANG_ENABLE_OBJC_ARC = YES;
				CLANG_ENABLE_OBJC_WEAK = YES;
				CLANG_WARN_BLOCK_CAPTURE_AUTORELEASING = YES;
				CLANG_WARN_BOOL_CONVERSION = YES;
				CLANG_WARN_COMMA = YES;
				CLANG_WARN_CONSTANT_CONVERSION = YES;
				CLANG_WARN_DEPRECATED_OBJC_IMPLEMENTATIONS = YES;
				CLANG_WARN_DIRECT_OBJC_ISA_USAGE = YES_ERROR;
				CLANG_WARN_DOCUMENTATION_COMMENTS = YES;
				CLANG_WARN_EMPTY_BODY = YES;
				CLANG_WARN_ENUM_CONVERSION = YES;
				CLANG_WARN_INFINITE_RECURSION = YES;
				CLANG_WARN_INT_CONVERSION = YES;
				CLANG_WARN_NON_LITERAL_NULL_CONVERSION = YES;
				CLANG_WARN_OBJC_IMPLICIT_RETAIN_SELF = YES;
				CLANG_WARN_OBJC_LITERAL_CONVERSION = YES;
				CLANG_WARN_OBJC_ROOT_CLASS = YES_ERROR;
				CLANG_WARN_RANGE_LOOP_ANALYSIS = YES;
				CLANG_WARN_STRICT_PROTOTYPES = YES;
				CLANG_WARN_SUSPICIOUS_MOVE = YES;
				CLANG_WARN_UNGUARDED_AVAILABILITY = YES_AGGRESSIVE;
				CLANG_WARN_UNREACHABLE_CODE = YES;
				CLANG_WARN__DUPLICATE_METHOD_MATCH = YES;
				COPY_PHASE_STRIP = NO;
				DEBUG_INFORMATION_FORMAT = "dwarf-with-dsym";
				ENABLE_NS_ASSERTIONS = NO;
				ENABLE_STRICT_OBJC_MSGSEND = YES;
				GCC_C_LANGUAGE_STANDARD = gnu11;
				GCC_NO_COMMON_BLOCKS = YES;
				GCC_WARN_64_TO_32_BIT_CONVERSION = YES;
				GCC_WARN_ABOUT_RETURN_TYPE = YES_ERROR;
				GCC_WARN_UNDECLARED_SELECTOR = YES;
				GCC_WARN_UNINITIALIZED_AUTOS = YES_AGGRESSIVE;
				GCC_WARN_UNUSED_FUNCTION = YES;
				GCC_WARN_UNUSED_VARIABLE = YES;
				IPHONEOS_DEPLOYMENT_TARGET = 13.2;
				MTL_ENABLE_DEBUG_INFO = NO;
				MTL_FAST_MATH = YES;
				SDKROOT = iphoneos;
				SWIFT_COMPILATION_MODE = wholemodule;
				SWIFT_OPTIMIZATION_LEVEL = "-O";
				VALIDATE_PRODUCT = YES;
			};
			name = Release;
		};
		3BDA37A4249CD81700398604 /* Debug */ = {
			isa = XCBuildConfiguration;
			buildSettings = {
				ASSETCATALOG_COMPILER_APPICON_NAME = AppIcon;
				CODE_SIGN_STYLE = Automatic;
				DEVELOPMENT_ASSET_PATHS = "\"TabChallengeSwiftUI/Preview Content\"";
				DEVELOPMENT_TEAM = M7ZBSHCGRM;
				ENABLE_PREVIEWS = YES;
				INFOPLIST_FILE = TabChallengeSwiftUI/Info.plist;
				LD_RUNPATH_SEARCH_PATHS = (
					"$(inherited)",
					"@executable_path/Frameworks",
				);
				PRODUCT_BUNDLE_IDENTIFIER = mca.TabChallengeSwiftUI;
				PRODUCT_NAME = "$(TARGET_NAME)";
				SWIFT_VERSION = 5.0;
				TARGETED_DEVICE_FAMILY = "1,2";
			};
			name = Debug;
		};
		3BDA37A5249CD81700398604 /* Release */ = {
			isa = XCBuildConfiguration;
			buildSettings = {
				ASSETCATALOG_COMPILER_APPICON_NAME = AppIcon;
				CODE_SIGN_STYLE = Automatic;
				DEVELOPMENT_ASSET_PATHS = "\"TabChallengeSwiftUI/Preview Content\"";
				DEVELOPMENT_TEAM = M7ZBSHCGRM;
				ENABLE_PREVIEWS = YES;
				INFOPLIST_FILE = TabChallengeSwiftUI/Info.plist;
				LD_RUNPATH_SEARCH_PATHS = (
					"$(inherited)",
					"@executable_path/Frameworks",
				);
				PRODUCT_BUNDLE_IDENTIFIER = mca.TabChallengeSwiftUI;
				PRODUCT_NAME = "$(TARGET_NAME)";
				SWIFT_VERSION = 5.0;
				TARGETED_DEVICE_FAMILY = "1,2";
			};
			name = Release;
		};
		3BDA37A7249CD81700398604 /* Debug */ = {
			isa = XCBuildConfiguration;
			buildSettings = {
				ALWAYS_EMBED_SWIFT_STANDARD_LIBRARIES = YES;
				BUNDLE_LOADER = "$(TEST_HOST)";
				CODE_SIGN_STYLE = Automatic;
				DEVELOPMENT_TEAM = M7ZBSHCGRM;
				INFOPLIST_FILE = TabChallengeSwiftUITests/Info.plist;
				IPHONEOS_DEPLOYMENT_TARGET = 13.2;
				LD_RUNPATH_SEARCH_PATHS = (
					"$(inherited)",
					"@executable_path/Frameworks",
					"@loader_path/Frameworks",
				);
				PRODUCT_BUNDLE_IDENTIFIER = mca.TabChallengeSwiftUITests;
				PRODUCT_NAME = "$(TARGET_NAME)";
				SWIFT_VERSION = 5.0;
				TARGETED_DEVICE_FAMILY = "1,2";
				TEST_HOST = "$(BUILT_PRODUCTS_DIR)/TabChallengeSwiftUI.app/TabChallengeSwiftUI";
			};
			name = Debug;
		};
		3BDA37A8249CD81700398604 /* Release */ = {
			isa = XCBuildConfiguration;
			buildSettings = {
				ALWAYS_EMBED_SWIFT_STANDARD_LIBRARIES = YES;
				BUNDLE_LOADER = "$(TEST_HOST)";
				CODE_SIGN_STYLE = Automatic;
				DEVELOPMENT_TEAM = M7ZBSHCGRM;
				INFOPLIST_FILE = TabChallengeSwiftUITests/Info.plist;
				IPHONEOS_DEPLOYMENT_TARGET = 13.2;
				LD_RUNPATH_SEARCH_PATHS = (
					"$(inherited)",
					"@executable_path/Frameworks",
					"@loader_path/Frameworks",
				);
				PRODUCT_BUNDLE_IDENTIFIER = mca.TabChallengeSwiftUITests;
				PRODUCT_NAME = "$(TARGET_NAME)";
				SWIFT_VERSION = 5.0;
				TARGETED_DEVICE_FAMILY = "1,2";
				TEST_HOST = "$(BUILT_PRODUCTS_DIR)/TabChallengeSwiftUI.app/TabChallengeSwiftUI";
			};
			name = Release;
		};
		3BDA37AA249CD81700398604 /* Debug */ = {
			isa = XCBuildConfiguration;
			buildSettings = {
				ALWAYS_EMBED_SWIFT_STANDARD_LIBRARIES = YES;
				CODE_SIGN_STYLE = Automatic;
				DEVELOPMENT_TEAM = M7ZBSHCGRM;
				INFOPLIST_FILE = TabChallengeSwiftUIUITests/Info.plist;
				LD_RUNPATH_SEARCH_PATHS = (
					"$(inherited)",
					"@executable_path/Frameworks",
					"@loader_path/Frameworks",
				);
				PRODUCT_BUNDLE_IDENTIFIER = mca.TabChallengeSwiftUIUITests;
				PRODUCT_NAME = "$(TARGET_NAME)";
				SWIFT_VERSION = 5.0;
				TARGETED_DEVICE_FAMILY = "1,2";
				TEST_TARGET_NAME = TabChallengeSwiftUI;
			};
			name = Debug;
		};
		3BDA37AB249CD81700398604 /* Release */ = {
			isa = XCBuildConfiguration;
			buildSettings = {
				ALWAYS_EMBED_SWIFT_STANDARD_LIBRARIES = YES;
				CODE_SIGN_STYLE = Automatic;
				DEVELOPMENT_TEAM = M7ZBSHCGRM;
				INFOPLIST_FILE = TabChallengeSwiftUIUITests/Info.plist;
				LD_RUNPATH_SEARCH_PATHS = (
					"$(inherited)",
					"@executable_path/Frameworks",
					"@loader_path/Frameworks",
				);
				PRODUCT_BUNDLE_IDENTIFIER = mca.TabChallengeSwiftUIUITests;
				PRODUCT_NAME = "$(TARGET_NAME)";
				SWIFT_VERSION = 5.0;
				TARGETED_DEVICE_FAMILY = "1,2";
				TEST_TARGET_NAME = TabChallengeSwiftUI;
			};
			name = Release;
		};
/* End XCBuildConfiguration section */

/* Begin XCConfigurationList section */
		3BDA3774249CD81500398604 /* Build configuration list for PBXProject "TabChallengeSwiftUI" */ = {
			isa = XCConfigurationList;
			buildConfigurations = (
				3BDA37A1249CD81700398604 /* Debug */,
				3BDA37A2249CD81700398604 /* Release */,
			);
			defaultConfigurationIsVisible = 0;
			defaultConfigurationName = Release;
		};
		3BDA37A3249CD81700398604 /* Build configuration list for PBXNativeTarget "TabChallengeSwiftUI" */ = {
			isa = XCConfigurationList;
			buildConfigurations = (
				3BDA37A4249CD81700398604 /* Debug */,
				3BDA37A5249CD81700398604 /* Release */,
			);
			defaultConfigurationIsVisible = 0;
			defaultConfigurationName = Release;
		};
		3BDA37A6249CD81700398604 /* Build configuration list for PBXNativeTarget "TabChallengeSwiftUITests" */ = {
			isa = XCConfigurationList;
			buildConfigurations = (
				3BDA37A7249CD81700398604 /* Debug */,
				3BDA37A8249CD81700398604 /* Release */,
			);
			defaultConfigurationIsVisible = 0;
			defaultConfigurationName = Release;
		};
		3BDA37A9249CD81700398604 /* Build configuration list for PBXNativeTarget "TabChallengeSwiftUIUITests" */ = {
			isa = XCConfigurationList;
			buildConfigurations = (
				3BDA37AA249CD81700398604 /* Debug */,
				3BDA37AB249CD81700398604 /* Release */,
			);
			defaultConfigurationIsVisible = 0;
			defaultConfigurationName = Release;
		};
/* End XCConfigurationList section */
	};
	rootObject = 3BDA3771249CD81500398604 /* Project object */;
}
